
Microsoft Visual Studio Solution File, Format Version 12.00
# Visual Studio Version 17
VisualStudioVersion = 17.7.34031.279
MinimumVisualStudioVersion = 10.0.40219.1
Project("{FAE04EC0-301F-11D3-BF4B-00C04F79EFBC}") = "i-think-so", "i-think-so\i-think-so.csproj", "{EAB8464A-A27C-47DC-87D3-9203887D9685}"
EndProject
Global
	GlobalSection(SolutionConfigurationPlatforms) = preSolution
		Debug|Any CPU = Debug|Any CPU
		Release|Any CPU = Release|Any CPU
	EndGlobalSection
	GlobalSection(ProjectConfigurationPlatforms) = postSolution
		{EAB8464A-A27C-47DC-87D3-9203887D9685}.Debug|Any CPU.ActiveCfg = Debug|Any CPU
		{EAB8464A-A27C-47DC-87D3-9203887D9685}.Debug|Any CPU.Build.0 = Debug|Any CPU
		{EAB8464A-A27C-47DC-87D3-9203887D9685}.Release|Any CPU.ActiveCfg = Release|Any CPU
		{EAB8464A-A27C-47DC-87D3-9203887D9685}.Release|Any CPU.Build.0 = Release|Any CPU
	EndGlobalSection
	GlobalSection(SolutionProperties) = preSolution
		HideSolutionNode = FALSE
	EndGlobalSection
	GlobalSection(ExtensibilityGlobals) = postSolution
		SolutionGuid = {24486F15-89CA-4170-9227-A7EDAF49218A}
	EndGlobalSection
EndGlobal
